github.com/philoserf/theme v0.0.0-20231128215021-947d73a4994b h1:PuxJstGM1iWAe76Z9mvgkjqxlYq5/bUabYgoVRTqolA=
github.com/philoserf/theme v0.0.0-20231128215021-947d73a4994b/go.mod h1:+ea96DlllYjdpRbL9wITXGTR4AYz9TiQs0oaLTsNrTY=
gopkg.in/yaml.v2 v2.4.0 h1:D8xgwECY7CYvx+Y2n4sBz93Jn9JRvxdiyyo8CTfuKaY=
gopkg.in/yaml.v2 v2.4.0/go.mod h1:RDklbk79AGWmwhnvt/jBztapEOGDOx6ZbXqjP6csGnQ=
